
Microsoft Visual Studio Solution File, Format Version 12.00
# Visual Studio Version 17
VisualStudioVersion = 17.3.32825.248
MinimumVisualStudioVersion = 10.0.40219.1
Project("{9A19103F-16F7-4668-BE54-9A1E7A4F7556}") = "BethanysPieShopHRM.App", "BethanysPieShopHRM.App\BethanysPieShopHRM.App.csproj", "{F76812BF-37C1-4EDC-B835-D8F3EAD123B9}"
EndProject
Project("{9A19103F-16F7-4668-BE54-9A1E7A4F7556}") = "BethanysPieShopHRM.Shared", "BethanysPieShopHRM.Shared\BethanysPieShopHRM.Shared.csproj", "{60215391-2448-4B5E-8C2E-5726611BBC0A}"
EndProject
Project("{9A19103F-16F7-4668-BE54-9A1E7A4F7556}") = "BethanysPieShopHRM.Api", "BethanysPieShopHRM.Api\BethanysPieShopHRM.Api.csproj", "{1C57DE9B-8553-49F7-A835-A9EF9D5ECD45}"
EndProject
Project("{9A19103F-16F7-4668-BE54-9A1E7A4F7556}") = "BethanysPieShopHRM.Component.Library", "BethanysPieShopHRM.Component.Library\BethanysPieShopHRM.Component.Library.csproj", "{BCD211C1-0B0A-4DB2-9A2F-554E11C81175}"
EndProject
Project("{9A19103F-16F7-4668-BE54-9A1E7A4F7556}") = "BethanysPieShopHRM.App.Tests", "BethanysPieShopHRM.App.Tests\BethanysPieShopHRM.App.Tests.csproj", "{354EE87B-5FAE-4FA2-AEF0-590D5F2C2F49}"
EndProject
Global
	GlobalSection(SolutionConfigurationPlatforms) = preSolution
		Debug|Any CPU = Debug|Any CPU
		Release|Any CPU = Release|Any CPU
	EndGlobalSection
	GlobalSection(ProjectConfigurationPlatforms) = postSolution
		{F76812BF-37C1-4EDC-B835-D8F3EAD123B9}.Debug|Any CPU.ActiveCfg = Debug|Any CPU
		{F76812BF-37C1-4EDC-B835-D8F3EAD123B9}.Debug|Any CPU.Build.0 = Debug|Any CPU
		{F76812BF-37C1-4EDC-B835-D8F3EAD123B9}.Release|Any CPU.ActiveCfg = Release|Any CPU
		{F76812BF-37C1-4EDC-B835-D8F3EAD123B9}.Release|Any CPU.Build.0 = Release|Any CPU
		{60215391-2448-4B5E-8C2E-5726611BBC0A}.Debug|Any CPU.ActiveCfg = Debug|Any CPU
		{60215391-2448-4B5E-8C2E-5726611BBC0A}.Debug|Any CPU.Build.0 = Debug|Any CPU
		{60215391-2448-4B5E-8C2E-5726611BBC0A}.Release|Any CPU.ActiveCfg = Release|Any CPU
		{60215391-2448-4B5E-8C2E-5726611BBC0A}.Release|Any CPU.Build.0 = Release|Any CPU
		{1C57DE9B-8553-49F7-A835-A9EF9D5ECD45}.Debug|Any CPU.ActiveCfg = Debug|Any CPU
		{1C57DE9B-8553-49F7-A835-A9EF9D5ECD45}.Debug|Any CPU.Build.0 = Debug|Any CPU
		{1C57DE9B-8553-49F7-A835-A9EF9D5ECD45}.Release|Any CPU.ActiveCfg = Release|Any CPU
		{1C57DE9B-8553-49F7-A835-A9EF9D5ECD45}.Release|Any CPU.Build.0 = Release|Any CPU
		{BCD211C1-0B0A-4DB2-9A2F-554E11C81175}.Debug|Any CPU.ActiveCfg = Debug|Any CPU
		{BCD211C1-0B0A-4DB2-9A2F-554E11C81175}.Debug|Any CPU.Build.0 = Debug|Any CPU
		{BCD211C1-0B0A-4DB2-9A2F-554E11C81175}.Release|Any CPU.ActiveCfg = Release|Any CPU
		{BCD211C1-0B0A-4DB2-9A2F-554E11C81175}.Release|Any CPU.Build.0 = Release|Any CPU
		{354EE87B-5FAE-4FA2-AEF0-590D5F2C2F49}.Debug|Any CPU.ActiveCfg = Debug|Any CPU
		{354EE87B-5FAE-4FA2-AEF0-590D5F2C2F49}.Debug|Any CPU.Build.0 = Debug|Any CPU
		{354EE87B-5FAE-4FA2-AEF0-590D5F2C2F49}.Release|Any CPU.ActiveCfg = Release|Any CPU
		{354EE87B-5FAE-4FA2-AEF0-590D5F2C2F49}.Release|Any CPU.Build.0 = Release|Any CPU
	EndGlobalSection
	GlobalSection(SolutionProperties) = preSolution
		HideSolutionNode = FALSE
	EndGlobalSection
	GlobalSection(ExtensibilityGlobals) = postSolution
		SolutionGuid = {E8184D9E-F565-4D54-BB99-36F889EA27E8}
	EndGlobalSection
EndGlobal
